
Microsoft Visual Studio Solution File, Format Version 12.00
# Visual Studio Version 17
VisualStudioVersion = 17.6.33723.286
MinimumVisualStudioVersion = 10.0.40219.1
Project("{FAE04EC0-301F-11D3-BF4B-00C04F79EFBC}") = "DTO", "DTO\DTO.csproj", "{34BFE733-9657-4A94-8BD2-588C6F142ECE}"
EndProject
Global
	GlobalSection(SolutionConfigurationPlatforms) = preSolution
		Debug|Any CPU = Debug|Any CPU
		Release|Any CPU = Release|Any CPU
	EndGlobalSection
	GlobalSection(ProjectConfigurationPlatforms) = postSolution
		{34BFE733-9657-4A94-8BD2-588C6F142ECE}.Debug|Any CPU.ActiveCfg = Debug|Any CPU
		{34BFE733-9657-4A94-8BD2-588C6F142ECE}.Debug|Any CPU.Build.0 = Debug|Any CPU
		{34BFE733-9657-4A94-8BD2-588C6F142ECE}.Release|Any CPU.ActiveCfg = Release|Any CPU
		{34BFE733-9657-4A94-8BD2-588C6F142ECE}.Release|Any CPU.Build.0 = Release|Any CPU
	EndGlobalSection
	GlobalSection(SolutionProperties) = preSolution
		HideSolutionNode = FALSE
	EndGlobalSection
	GlobalSection(ExtensibilityGlobals) = postSolution
		SolutionGuid = {6F53F6A3-01A6-44B0-9DB3-7FBB15C9AD85}
	EndGlobalSection
EndGlobal
